Microsoft Visual Studio Solution File, Format Version 8.00
Project("{F184B08F-C81C-45F6-A57F-5ABD9991F28F}") = "Microsoft.ApplicationBlocks.Data", "Microsoft.ApplicationBlocks.Data\Microsoft.ApplicationBlocks.Data.vbproj", "{C90F6F43-02CB-4829-8E26-93F1E2B8A0A7}"
	ProjectSection(ProjectDependencies) = postProject
	EndProjectSection
EndProject
Global
	GlobalSection(SolutionConfiguration) = preSolution
		Debug = Debug
		Release = Release
	EndGlobalSection
	GlobalSection(ProjectConfiguration) = postSolution
		{C90F6F43-02CB-4829-8E26-93F1E2B8A0A7}.Debug.ActiveCfg = Debug|.NET
		{C90F6F43-02CB-4829-8E26-93F1E2B8A0A7}.Debug.Build.0 = Debug|.NET
		{C90F6F43-02CB-4829-8E26-93F1E2B8A0A7}.Release.ActiveCfg = Release|.NET
		{C90F6F43-02CB-4829-8E26-93F1E2B8A0A7}.Release.Build.0 = Release|.NET
	EndGlobalSection
	GlobalSection(ExtensibilityGlobals) = postSolution
	EndGlobalSection
	GlobalSection(ExtensibilityAddIns) = postSolution
	EndGlobalSection
EndGlobal
